
Microsoft Visual Studio Solution File, Format Version 12.00
# Visual Studio Version 17
VisualStudioVersion = 17.4.33213.308
MinimumVisualStudioVersion = 10.0.40219.1
Project("{9A19103F-16F7-4668-BE54-9A1E7A4F7556}") = "ToyRobotSimulator", "ToyRobotSimulator\ToyRobotSimulator.csproj", "{F5F6B324-D451-4DA4-B661-0F6411AC5826}"
EndProject
Project("{9A19103F-16F7-4668-BE54-9A1E7A4F7556}") = "ToyRobotSimulator.Test", "ToyRobotSimulator.Test\ToyRobotSimulator.Test.csproj", "{69E6C592-6624-415A-B62A-80D9B10154A5}"
EndProject
Global
	GlobalSection(SolutionConfigurationPlatforms) = preSolution
		Debug|Any CPU = Debug|Any CPU
		Release|Any CPU = Release|Any CPU
	EndGlobalSection
	GlobalSection(ProjectConfigurationPlatforms) = postSolution
		{F5F6B324-D451-4DA4-B661-0F6411AC5826}.Debug|Any CPU.ActiveCfg = Debug|Any CPU
		{F5F6B324-D451-4DA4-B661-0F6411AC5826}.Debug|Any CPU.Build.0 = Debug|Any CPU
		{F5F6B324-D451-4DA4-B661-0F6411AC5826}.Release|Any CPU.ActiveCfg = Release|Any CPU
		{F5F6B324-D451-4DA4-B661-0F6411AC5826}.Release|Any CPU.Build.0 = Release|Any CPU
		{69E6C592-6624-415A-B62A-80D9B10154A5}.Debug|Any CPU.ActiveCfg = Debug|Any CPU
		{69E6C592-6624-415A-B62A-80D9B10154A5}.Debug|Any CPU.Build.0 = Debug|Any CPU
		{69E6C592-6624-415A-B62A-80D9B10154A5}.Release|Any CPU.ActiveCfg = Release|Any CPU
		{69E6C592-6624-415A-B62A-80D9B10154A5}.Release|Any CPU.Build.0 = Release|Any CPU
	EndGlobalSection
	GlobalSection(SolutionProperties) = preSolution
		HideSolutionNode = FALSE
	EndGlobalSection
	GlobalSection(ExtensibilityGlobals) = postSolution
		SolutionGuid = {C24F263F-C0E7-4784-9DF3-253A7A637280}
	EndGlobalSection
EndGlobal
